// !$*UTF8*$!
{
	archiveVersion = 1;
	classes = {
	};
	objectVersion = 46;
	objects = {

/* Begin PBXBuildFile section */
		D31A8EDD1C68285000CD4F44 /* AppDelegate.swift in Sources */ = {isa = PBXBuildFile; fileRef = D31A8EDC1C68285000CD4F44 /* AppDelegate.swift */; };
		D31A8EDF1C68285000CD4F44 /* ViewController.swift in Sources */ = {isa = PBXBuildFile; fileRef = D31A8EDE1C68285000CD4F44 /* ViewController.swift */; };
		D31A8EE21C68285000CD4F44 /* Main.storyboard in Resources */ = {isa = PBXBuildFile; fileRef = D31A8EE01C68285000CD4F44 /* Main.storyboard */; };
		D31A8EE51C68285000CD4F44 /* SlotPad.xcdatamodeld in Sources */ = {isa = PBXBuildFile; fileRef = D31A8EE31C68285000CD4F44 /* SlotPad.xcdatamodeld */; };
		D31A8EE71C68285000CD4F44 /* Assets.xcassets in Resources */ = {isa = PBXBuildFile; fileRef = D31A8EE61C68285000CD4F44 /* Assets.xcassets */; };
		D31A8EEA1C68285000CD4F44 /* LaunchScreen.storyboard in Resources */ = {isa = PBXBuildFile; fileRef = D31A8EE81C68285000CD4F44 /* LaunchScreen.storyboard */; };
/* End PBXBuildFile section */

/* Begin PBXFileReference section */
		D31A8ED91C68285000CD4F44 /* SlotPad.app */ = {isa = PBXFileReference; explicitFileType = wrapper.application; includeInIndex = 0; path = SlotPad.app; sourceTree = BUILT_PRODUCTS_DIR; };
		D31A8EDC1C68285000CD4F44 /* AppDelegate.swift */ = {isa = PBXFileReference; lastKnownFileType = sourcecode.swift; path = AppDelegate.swift; sourceTree = "<group>"; };
		D31A8EDE1C68285000CD4F44 /* ViewController.swift */ = {isa = PBXFileReference; lastKnownFileType = sourcecode.swift; path = ViewController.swift; sourceTree = "<group>"; };
		D31A8EE11C68285000CD4F44 /* Base */ = {isa = PBXFileReference; lastKnownFileType = file.storyboard; name = Base; path = Base.lproj/Main.storyboard; sourceTree = "<group>"; };
		D31A8EE41C68285000CD4F44 /* SlotPad.xcdatamodel */ = {isa = PBXFileReference; lastKnownFileType = wrapper.xcdatamodel; path = SlotPad.xcdatamodel; sourceTree = "<group>"; };
		D31A8EE61C68285000CD4F44 /* Assets.xcassets */ = {isa = PBXFileReference; lastKnownFileType = folder.assetcatalog; path = Assets.xcassets; sourceTree = "<group>"; };
		D31A8EE91C68285000CD4F44 /* Base */ = {isa = PBXFileReference; lastKnownFileType = file.storyboard; name = Base; path = Base.lproj/LaunchScreen.storyboard; sourceTree = "<group>"; };
		D31A8EEB1C68285000CD4F44 /* Info.plist */ = {isa = PBXFileReference; lastKnownFileType = text.plist.xml; path = Info.plist; sourceTree = "<group>"; };
/* End PBXFileReference section */

/* Begin PBXFrameworksBuildPhase section */
		D31A8ED61C68285000CD4F44 /* Frameworks */ = {
			isa = PBXFrameworksBuildPhase;
			buildActionMask = 2147483647;
			files = (
			);
			runOnlyForDeploymentPostprocessing = 0;
		};
/* End PBXFrameworksBuildPhase section */

/* Begin PBXGroup section */
		D31A8ED01C68285000CD4F44 = {
			isa = PBXGroup;
			children = (
				D31A8EDB1C68285000CD4F44 /* SlotPad */,
				D31A8EDA1C68285000CD4F44 /* Products */,
			);
			sourceTree = "<group>";
		};
		D31A8EDA1C68285000CD4F44 /* Products */ = {
			isa = PBXGroup;
			children = (
				D31A8ED91C68285000CD4F44 /* SlotPad.app */,
			);
			name = Products;
			sourceTree = "<group>";
		};
		D31A8EDB1C68285000CD4F44 /* SlotPad */ = {
			isa = PBXGroup;
			children = (
				D31A8EDC1C68285000CD4F44 /* AppDelegate.swift */,
				D31A8EDE1C68285000CD4F44 /* ViewController.swift */,
				D31A8EE01C68285000CD4F44 /* Main.storyboard */,
				D31A8EE61C68285000CD4F44 /* Assets.xcassets */,
				D31A8EE81C68285000CD4F44 /* LaunchScreen.storyboard */,
				D31A8EEB1C68285000CD4F44 /* Info.plist */,
				D31A8EE31C68285000CD4F44 /* SlotPad.xcdatamodeld */,
			);
			path = SlotPad;
			sourceTree = "<group>";
		};
/* End PBXGroup section */

/* Begin PBXNativeTarget section */
		D31A8ED81C68285000CD4F44 /* SlotPad */ = {
			isa = PBXNativeTarget;
			buildConfigurationList = D31A8EEE1C68285000CD4F44 /* Build configuration list for PBXNativeTarget "SlotPad" */;
			buildPhases = (
				D31A8ED51C68285000CD4F44 /* Sources */,
				D31A8ED61C68285000CD4F44 /* Frameworks */,
				D31A8ED71C68285000CD4F44 /* Resources */,
			);
			buildRules = (
			);
			dependencies = (
			);
			name = SlotPad;
			productName = SlotPad;
			productReference = D31A8ED91C68285000CD4F44 /* SlotPad.app */;
			productType = "com.apple.product-type.application";
		};
/* End PBXNativeTarget section */

/* Begin PBXProject section */
		D31A8ED11C68285000CD4F44 /* Project object */ = {
			isa = PBXProject;
			attributes = {
				LastSwiftUpdateCheck = 0720;
				LastUpgradeCheck = 0720;
				ORGANIZATIONNAME = XiaoyanWu;
				TargetAttributes = {
					D31A8ED81C68285000CD4F44 = {
						CreatedOnToolsVersion = 7.2;
					};
				};
			};
			buildConfigurationList = D31A8ED41C68285000CD4F44 /* Build configuration list for PBXProject "SlotPad" */;
			compatibilityVersion = "Xcode 3.2";
			developmentRegion = English;
			hasScannedForEncodings = 0;
			knownRegions = (
				en,
				Base,
			);
			mainGroup = D31A8ED01C68285000CD4F44;
			productRefGroup = D31A8EDA1C68285000CD4F44 /* Products */;
			projectDirPath = "";
			projectRoot = "";
			targets = (
				D31A8ED81C68285000CD4F44 /* SlotPad */,
			);
		};
/* End PBXProject section */

/* Begin PBXResourcesBuildPhase section */
		D31A8ED71C68285000CD4F44 /* Resources */ = {
			isa = PBXResourcesBuildPhase;
			buildActionMask = 2147483647;
			files = (
				D31A8EEA1C68285000CD4F44 /* LaunchScreen.storyboard in Resources */,
				D31A8EE71C68285000CD4F44 /* Assets.xcassets in Resources */,
				D31A8EE21C68285000CD4F44 /* Main.storyboard in Resources */,
			);
			runOnlyForDeploymentPostprocessing = 0;
		};
/* End PBXResourcesBuildPhase section */

/* Begin PBXSourcesBuildPhase section */
		D31A8ED51C68285000CD4F44 /* Sources */ = {
			isa = PBXSourcesBuildPhase;
			buildActionMask = 2147483647;
			files = (
				D31A8EDF1C68285000CD4F44 /* ViewController.swift in Sources */,
				D31A8EE51C68285000CD4F44 /* SlotPad.xcdatamodeld in Sources */,
				D31A8EDD1C68285000CD4F44 /* AppDelegate.swift in Sources */,
			);
			runOnlyForDeploymentPostprocessing = 0;
		};
/* End PBXSourcesBuildPhase section */

/* Begin PBXVariantGroup section */
		D31A8EE01C68285000CD4F44 /* Main.storyboard */ = {
			isa = PBXVariantGroup;
			children = (
				D31A8EE11C68285000CD4F44 /* Base */,
			);
			name = Main.storyboard;
			sourceTree = "<group>";
		};
		D31A8EE81C68285000CD4F44 /* LaunchScreen.storyboard */ = {
			isa = PBXVariantGroup;
			children = (
				D31A8EE91C68285000CD4F44 /* Base */,
			);
			name = LaunchScreen.storyboard;
			sourceTree = "<group>";
		};
/* End PBXVariantGroup section */

/* Begin XCBuildConfiguration section */
		D31A8EEC1C68285000CD4F44 /* Debug */ = {
			isa = XCBuildConfiguration;
			buildSettings = {
				ALWAYS_SEARCH_USER_PATHS = NO;
				CLANG_CXX_LANGUAGE_STANDARD = "gnu++0x";
				CLANG_CXX_LIBRARY = "libc++";
				CLANG_ENABLE_MODULES = YES;
				CLANG_ENABLE_OBJC_ARC = YES;
				CLANG_WARN_BOOL_CONVERSION = YES;
				CLANG_WARN_CONSTANT_CONVERSION = YES;
				CLANG_WARN_DIRECT_OBJC_ISA_USAGE = YES_ERROR;
				CLANG_WARN_EMPTY_BODY = YES;
				CLANG_WARN_ENUM_CONVERSION = YES;
				CLANG_WARN_INT_CONVERSION = YES;
				CLANG_WARN_OBJC_ROOT_CLASS = YES_ERROR;
				CLANG_WARN_UNREACHABLE_CODE = YES;
				CLANG_WARN__DUPLICATE_METHOD_MATCH = YES;
				"CODE_SIGN_IDENTITY[sdk=iphoneos*]" = "iPhone Developer";
				COPY_PHASE_STRIP = NO;
				DEBUG_INFORMATION_FORMAT = dwarf;
				ENABLE_STRICT_OBJC_MSGSEND = YES;
				ENABLE_TESTABILITY = YES;
				GCC_C_LANGUAGE_STANDARD = gnu99;
				GCC_DYNAMIC_NO_PIC = NO;
				GCC_NO_COMMON_BLOCKS = YES;
				GCC_OPTIMIZATION_LEVEL = 0;
				GCC_PREPROCESSOR_DEFINITIONS = (
					"DEBUG=1",
					"$(inherited)",
				);
				GCC_WARN_64_TO_32_BIT_CONVERSION = YES;
				GCC_WARN_ABOUT_RETURN_TYPE = YES_ERROR;
				GCC_WARN_UNDECLARED_SELECTOR = YES;
				GCC_WARN_UNINITIALIZED_AUTOS = YES_AGGRESSIVE;
				GCC_WARN_UNUSED_FUNCTION = YES;
				GCC_WARN_UNUSED_VARIABLE = YES;
				IPHONEOS_DEPLOYMENT_TARGET = 9.2;
				MTL_ENABLE_DEBUG_INFO = YES;
				ONLY_ACTIVE_ARCH = YES;
				SDKROOT = iphoneos;
				SWIFT_OPTIMIZATION_LEVEL = "-Onone";
			};
			name = Debug;
		};
		D31A8EED1C68285000CD4F44 /* Release */ = {
			isa = XCBuildConfiguration;
			buildSettings = {
				ALWAYS_SEARCH_USER_PATHS = NO;
				CLANG_CXX_LANGUAGE_STANDARD = "gnu++0x";
				CLANG_CXX_LIBRARY = "libc++";
				CLANG_ENABLE_MODULES = YES;
				CLANG_ENABLE_OBJC_ARC = YES;
				CLANG_WARN_BOOL_CONVERSION = YES;
				CLANG_WARN_CONSTANT_CONVERSION = YES;
				CLANG_WARN_DIRECT_OBJC_ISA_USAGE = YES_ERROR;
				CLANG_WARN_EMPTY_BODY = YES;
				CLANG_WARN_ENUM_CONVERSION = YES;
				CLANG_WARN_INT_CONVERSION = YES;
				CLANG_WARN_OBJC_ROOT_CLASS = YES_ERROR;
				CLANG_WARN_UNREACHABLE_CODE = YES;
				CLANG_WARN__DUPLICATE_METHOD_MATCH = YES;
				"CODE_SIGN_IDENTITY[sdk=iphoneos*]" = "iPhone Developer";
				COPY_PHASE_STRIP = NO;
				DEBUG_INFORMATION_FORMAT = "dwarf-with-dsym";
				ENABLE_NS_ASSERTIONS = NO;
				ENABLE_STRICT_OBJC_MSGSEND = YES;
				GCC_C_LANGUAGE_STANDARD = gnu99;
				GCC_NO_COMMON_BLOCKS = YES;
				GCC_WARN_64_TO_32_BIT_CONVERSION = YES;
				GCC_WARN_ABOUT_RETURN_TYPE = YES_ERROR;
				GCC_WARN_UNDECLARED_SELECTOR = YES;
				GCC_WARN_UNINITIALIZED_AUTOS = YES_AGGRESSIVE;
				GCC_WARN_UNUSED_FUNCTION = YES;
				GCC_WARN_UNUSED_VARIABLE = YES;
				IPHONEOS_DEPLOYMENT_TARGET = 9.2;
				MTL_ENABLE_DEBUG_INFO = NO;
				SDKROOT = iphoneos;
				VALIDATE_PRODUCT = YES;
			};
			name = Release;
		};
		D31A8EEF1C68285000CD4F44 /* Debug */ = {
			isa = XCBuildConfiguration;
			buildSettings = {
				ASSETCATALOG_COMPILER_APPICON_NAME = AppIcon;
				INFOPLIST_FILE = SlotPad/Info.plist;
				LD_RUNPATH_SEARCH_PATHS = "$(inherited) @executable_path/Frameworks";
				PRODUCT_BUNDLE_IDENTIFIER = com.XiaoyanWu.SlotPad;
				PRODUCT_NAME = "$(TARGET_NAME)";
			};
			name = Debug;
		};
		D31A8EF01C68285000CD4F44 /* Release */ = {
			isa = XCBuildConfiguration;
			buildSettings = {
				ASSETCATALOG_COMPILER_APPICON_NAME = AppIcon;
				INFOPLIST_FILE = SlotPad/Info.plist;
				LD_RUNPATH_SEARCH_PATHS = "$(inherited) @executable_path/Frameworks";
				PRODUCT_BUNDLE_IDENTIFIER = com.XiaoyanWu.SlotPad;
				PRODUCT_NAME = "$(TARGET_NAME)";
			};
			name = Release;
		};
/* End XCBuildConfiguration section */

/* Begin XCConfigurationList section */
		D31A8ED41C68285000CD4F44 /* Build configuration list for PBXProject "SlotPad" */ = {
			isa = XCConfigurationList;
			buildConfigurations = (
				D31A8EEC1C68285000CD4F44 /* Debug */,
				D31A8EED1C68285000CD4F44 /* Release */,
			);
			defaultConfigurationIsVisible = 0;
			defaultConfigurationName = Release;
		};
		D31A8EEE1C68285000CD4F44 /* Build configuration list for PBXNativeTarget "SlotPad" */ = {
			isa = XCConfigurationList;
			buildConfigurations = (
				D31A8EEF1C68285000CD4F44 /* Debug */,
				D31A8EF01C68285000CD4F44 /* Release */,
			);
			defaultConfigurationIsVisible = 0;
		};
/* End XCConfigurationList section */

/* Begin XCVersionGroup section */
		D31A8EE31C68285000CD4F44 /* SlotPad.xcdatamodeld */ = {
			isa = XCVersionGroup;
			children = (
				D31A8EE41C68285000CD4F44 /* SlotPad.xcdatamodel */,
			);
			currentVersion = D31A8EE41C68285000CD4F44 /* SlotPad.xcdatamodel */;
			path = SlotPad.xcdatamodeld;
			sourceTree = "<group>";
			versionGroupType = wrapper.xcdatamodel;
		};
/* End XCVersionGroup section */
	};
	rootObject = D31A8ED11C68285000CD4F44 /* Project object */;
}
